{
  "name": "sync-backend-web",
  "version": "1.0.0",
  "lockfileVersion": 1,
  "requires": true,
  "dependencies": {
    "jquery": {
      "version": "3.5.0",
      "resolved": "https://registry.npmjs.org/jquery/-/jquery-3.5.0.tgz",
      "integrity": "sha512-Xb7SVYMvygPxbFMpTFQiHh1J7HClEaThguL15N/Gg37Lri/qKyhRGZYzHRyLH8Stq3Aow0LsHO2O2ci86fCrNQ=="
    },
    "leaflet": {
      "version": "1.5.0",
      "resolved": "https://registry.npmjs.org/leaflet/-/leaflet-1.5.0.tgz",
      "integrity": "sha512-6sVKn1GaeP01ofzPs2f62XgKEx4uYnHsgQK64zBZPN/6pAX53FNakYvtud+Wu3Z7C3vJpINkdQuR//hgCngOiA=="
    },
    "leaflet-rotatedmarker": {
      "version": "0.2.0",
      "resolved": "https://registry.npmjs.org/leaflet-rotatedmarker/-/leaflet-rotatedmarker-0.2.0.tgz",
      "integrity": "sha1-RGf0n5jRv9VpWb2cZwUgPdJgEnc="
    }
  }
}
